
Microsoft Visual Studio Solution File, Format Version 12.00
# Visual Studio Version 17
VisualStudioVersion = 17.10.35004.147
MinimumVisualStudioVersion = 10.0.40219.1
Project("{9A19103F-16F7-4668-BE54-9A1E7A4F7556}") = "FileUploader", "FileUploader\FileUploader.csproj", "{A093A063-F574-4961-84B9-9C37D470AE78}"
EndProject
Global
	GlobalSection(SolutionConfigurationPlatforms) = preSolution
		Debug|Any CPU = Debug|Any CPU
		Release|Any CPU = Release|Any CPU
	EndGlobalSection
	GlobalSection(ProjectConfigurationPlatforms) = postSolution
		{A093A063-F574-4961-84B9-9C37D470AE78}.Debug|Any CPU.ActiveCfg = Debug|Any CPU
		{A093A063-F574-4961-84B9-9C37D470AE78}.Debug|Any CPU.Build.0 = Debug|Any CPU
		{A093A063-F574-4961-84B9-9C37D470AE78}.Release|Any CPU.ActiveCfg = Release|Any CPU
		{A093A063-F574-4961-84B9-9C37D470AE78}.Release|Any CPU.Build.0 = Release|Any CPU
	EndGlobalSection
	GlobalSection(SolutionProperties) = preSolution
		HideSolutionNode = FALSE
	EndGlobalSection
	GlobalSection(ExtensibilityGlobals) = postSolution
		SolutionGuid = {757A1DB1-6EF3-4F12-BAEF-D712802A1B13}
	EndGlobalSection
EndGlobal
